
Microsoft Visual Studio Solution File, Format Version 12.00
# Visual Studio Version 17
VisualStudioVersion = 17.6.33717.318
MinimumVisualStudioVersion = 10.0.40219.1
Project("{9A19103F-16F7-4668-BE54-9A1E7A4F7556}") = "BlazorChess.Client", "Client\BlazorChess.Client.csproj", "{B3390DCC-E3EE-4AAF-B773-3305E4DEC597}"
EndProject
Project("{9A19103F-16F7-4668-BE54-9A1E7A4F7556}") = "BlazorChess.Server", "Server\BlazorChess.Server.csproj", "{1AA1B64A-DC34-41F8-A817-BFC22604AD85}"
EndProject
Project("{9A19103F-16F7-4668-BE54-9A1E7A4F7556}") = "BlazorChess.Shared", "Shared\BlazorChess.Shared.csproj", "{EE86FE57-2EEC-4B2F-AFED-36AC2A6F9D08}"
EndProject
Project("{2150E333-8FDC-42A3-9474-1A3956D46DE8}") = "Solution Items", "Solution Items", "{1548DD8E-623A-4AC1-A4C2-5A9BD35350A7}"
	ProjectSection(SolutionItems) = preProject
		chess-deployment.yaml = chess-deployment.yaml
		docker-compose.yml = docker-compose.yml
	EndProjectSection
EndProject
Project("{FAE04EC0-301F-11D3-BF4B-00C04F79EFBC}") = "ChessSolver", "ChessSolver\ChessSolver.csproj", "{74D21ADC-87EE-422E-A0F8-A5A64B27EAB7}"
EndProject
Global
	GlobalSection(SolutionConfigurationPlatforms) = preSolution
		Debug|Any CPU = Debug|Any CPU
		Release|Any CPU = Release|Any CPU
	EndGlobalSection
	GlobalSection(ProjectConfigurationPlatforms) = postSolution
		{B3390DCC-E3EE-4AAF-B773-3305E4DEC597}.Debug|Any CPU.ActiveCfg = Debug|Any CPU
		{B3390DCC-E3EE-4AAF-B773-3305E4DEC597}.Debug|Any CPU.Build.0 = Debug|Any CPU
		{B3390DCC-E3EE-4AAF-B773-3305E4DEC597}.Release|Any CPU.ActiveCfg = Release|Any CPU
		{B3390DCC-E3EE-4AAF-B773-3305E4DEC597}.Release|Any CPU.Build.0 = Release|Any CPU
		{1AA1B64A-DC34-41F8-A817-BFC22604AD85}.Debug|Any CPU.ActiveCfg = Debug|Any CPU
		{1AA1B64A-DC34-41F8-A817-BFC22604AD85}.Debug|Any CPU.Build.0 = Debug|Any CPU
		{1AA1B64A-DC34-41F8-A817-BFC22604AD85}.Release|Any CPU.ActiveCfg = Release|Any CPU
		{1AA1B64A-DC34-41F8-A817-BFC22604AD85}.Release|Any CPU.Build.0 = Release|Any CPU
		{EE86FE57-2EEC-4B2F-AFED-36AC2A6F9D08}.Debug|Any CPU.ActiveCfg = Debug|Any CPU
		{EE86FE57-2EEC-4B2F-AFED-36AC2A6F9D08}.Debug|Any CPU.Build.0 = Debug|Any CPU
		{EE86FE57-2EEC-4B2F-AFED-36AC2A6F9D08}.Release|Any CPU.ActiveCfg = Release|Any CPU
		{EE86FE57-2EEC-4B2F-AFED-36AC2A6F9D08}.Release|Any CPU.Build.0 = Release|Any CPU
		{74D21ADC-87EE-422E-A0F8-A5A64B27EAB7}.Debug|Any CPU.ActiveCfg = Debug|Any CPU
		{74D21ADC-87EE-422E-A0F8-A5A64B27EAB7}.Debug|Any CPU.Build.0 = Debug|Any CPU
		{74D21ADC-87EE-422E-A0F8-A5A64B27EAB7}.Release|Any CPU.ActiveCfg = Release|Any CPU
		{74D21ADC-87EE-422E-A0F8-A5A64B27EAB7}.Release|Any CPU.Build.0 = Release|Any CPU
	EndGlobalSection
	GlobalSection(SolutionProperties) = preSolution
		HideSolutionNode = FALSE
	EndGlobalSection
	GlobalSection(ExtensibilityGlobals) = postSolution
		SolutionGuid = {AD700835-1151-4263-9A50-204B40AB06EA}
	EndGlobalSection
EndGlobal
